
Microsoft Visual Studio Solution File, Format Version 12.00
# Visual Studio Version 16
VisualStudioVersion = 16.0.29905.134
MinimumVisualStudioVersion = 10.0.40219.1
Project("{FAE04EC0-301F-11D3-BF4B-00C04F79EFBC}") = "sqlite", "sqlite\sqlite.csproj", "{2EB50FCB-5194-4C66-9D60-B9CF686BB69A}"
EndProject
Global
	GlobalSection(SolutionConfigurationPlatforms) = preSolution
		Debug|Any CPU = Debug|Any CPU
		Release|Any CPU = Release|Any CPU
	EndGlobalSection
	GlobalSection(ProjectConfigurationPlatforms) = postSolution
		{2EB50FCB-5194-4C66-9D60-B9CF686BB69A}.Debug|Any CPU.ActiveCfg = Debug|Any CPU
		{2EB50FCB-5194-4C66-9D60-B9CF686BB69A}.Debug|Any CPU.Build.0 = Debug|Any CPU
		{2EB50FCB-5194-4C66-9D60-B9CF686BB69A}.Release|Any CPU.ActiveCfg = Release|Any CPU
		{2EB50FCB-5194-4C66-9D60-B9CF686BB69A}.Release|Any CPU.Build.0 = Release|Any CPU
	EndGlobalSection
	GlobalSection(SolutionProperties) = preSolution
		HideSolutionNode = FALSE
	EndGlobalSection
	GlobalSection(ExtensibilityGlobals) = postSolution
		SolutionGuid = {88631E17-09FD-4375-A1E5-D3C86A0CDAAE}
	EndGlobalSection
EndGlobal
